
Microsoft Visual Studio Solution File, Format Version 12.00
# Visual Studio Version 17
VisualStudioVersion = 17.14.36301.6
MinimumVisualStudioVersion = 10.0.40219.1
Project("{FAE04EC0-301F-11D3-BF4B-00C04F79EFBC}") = "JN_ProyectoPrograAvanzadaWeb-G1", "JN_ProyectoPrograAvanzadaWeb-G1\JN_ProyectoPrograAvanzadaWeb-G1.csproj", "{7D5B4FD3-2609-4BEA-AA39-6ACC2096D3B1}"
EndProject
Global
	GlobalSection(SolutionConfigurationPlatforms) = preSolution
		Debug|Any CPU = Debug|Any CPU
		Release|Any CPU = Release|Any CPU
	EndGlobalSection
	GlobalSection(ProjectConfigurationPlatforms) = postSolution
		{7D5B4FD3-2609-4BEA-AA39-6ACC2096D3B1}.Debug|Any CPU.ActiveCfg = Debug|Any CPU
		{7D5B4FD3-2609-4BEA-AA39-6ACC2096D3B1}.Debug|Any CPU.Build.0 = Debug|Any CPU
		{7D5B4FD3-2609-4BEA-AA39-6ACC2096D3B1}.Release|Any CPU.ActiveCfg = Release|Any CPU
		{7D5B4FD3-2609-4BEA-AA39-6ACC2096D3B1}.Release|Any CPU.Build.0 = Release|Any CPU
	EndGlobalSection
	GlobalSection(SolutionProperties) = preSolution
		HideSolutionNode = FALSE
	EndGlobalSection
	GlobalSection(ExtensibilityGlobals) = postSolution
		SolutionGuid = {35ABE315-12CE-4122-85B7-3D0E8AEC4D86}
	EndGlobalSection
EndGlobal
